# This file is autogenerated, do not edit; changes may be undone by the next 'dep ensure'.


[[projects]]
  branch = "master"
  name = "github.com/kolo/xmlrpc"
  packages = ["."]
  revision = "0826b98aaa29c0766956cb40d45cf7482a597671"

[solve-meta]
  analyzer-name = "dep"
  analyzer-version = 1
  inputs-digest = "8254d27a3812b7a4152e7fd42d3a1ea6ba9c602546ab35eb3006e54c24deb8d1"
  solver-name = "gps-cdcl"
  solver-version = 1
